
Microsoft Visual Studio Solution File, Format Version 11.00
# Visual Studio 2010
Project("{FAE04EC0-301F-11D3-BF4B-00C04F79EFBC}") = "Minesweeper Auto Solver", "Minesweeper Auto Solver\Minesweeper Auto Solver.csproj", "{68C99A51-9F75-492C-B3F4-3944115FA470}"
EndProject
Global
	GlobalSection(SolutionConfigurationPlatforms) = preSolution
		Debug|x86 = Debug|x86
		Release|x86 = Release|x86
	EndGlobalSection
	GlobalSection(ProjectConfigurationPlatforms) = postSolution
		{68C99A51-9F75-492C-B3F4-3944115FA470}.Debug|x86.ActiveCfg = Debug|x86
		{68C99A51-9F75-492C-B3F4-3944115FA470}.Debug|x86.Build.0 = Debug|x86
		{68C99A51-9F75-492C-B3F4-3944115FA470}.Release|x86.ActiveCfg = Release|x86
		{68C99A51-9F75-492C-B3F4-3944115FA470}.Release|x86.Build.0 = Release|x86
	EndGlobalSection
	GlobalSection(SolutionProperties) = preSolution
		HideSolutionNode = FALSE
	EndGlobalSection
EndGlobal
